// !$*UTF8*$!
{
	archiveVersion = 1;
	classes = {
	};
	objectVersion = 56;
	objects = {

/* Begin PBXBuildFile section */
		9B2D7C5FFEA7722CEBB88A60 /* Pods_desMapTests.framework in Frameworks */ = {isa = PBXBuildFile; fileRef = B4B5944EE97FD36EB5BEF17B /* Pods_desMapTests.framework */; };
		D250D68729F63CED1139E8FC /* Pods_desMap.framework in Frameworks */ = {isa = PBXBuildFile; fileRef = B3AFC989FADB235505F79582 /* Pods_desMap.framework */; };
		E42B3B44A0B11C5DA852BD97 /* Pods_desMap_desMapUITests.framework in Frameworks */ = {isa = PBXBuildFile; fileRef = F923A57823F8851795C7D1E4 /* Pods_desMap_desMapUITests.framework */; };
		E598FA10294B493C00576179 /* AppDelegate.swift in Sources */ = {isa = PBXBuildFile; fileRef = E598FA0F294B493C00576179 /* AppDelegate.swift */; };
		E598FA12294B493C00576179 /* SceneDelegate.swift in Sources */ = {isa = PBXBuildFile; fileRef = E598FA11294B493C00576179 /* SceneDelegate.swift */; };
		E598FA14294B493C00576179 /* MapViewController.swift in Sources */ = {isa = PBXBuildFile; fileRef = E598FA13294B493C00576179 /* MapViewController.swift */; };
		E598FA17294B493C00576179 /* Main.storyboard in Resources */ = {isa = PBXBuildFile; fileRef = E598FA15294B493C00576179 /* Main.storyboard */; };
		E598FA19294B493D00576179 /* Assets.xcassets in Resources */ = {isa = PBXBuildFile; fileRef = E598FA18294B493D00576179 /* Assets.xcassets */; };
		E598FA1C294B493D00576179 /* LaunchScreen.storyboard in Resources */ = {isa = PBXBuildFile; fileRef = E598FA1A294B493D00576179 /* LaunchScreen.storyboard */; };
		E598FA27294B493E00576179 /* desMapTests.swift in Sources */ = {isa = PBXBuildFile; fileRef = E598FA26294B493E00576179 /* desMapTests.swift */; };
		E598FA31294B493E00576179 /* desMapUITests.swift in Sources */ = {isa = PBXBuildFile; fileRef = E598FA30294B493E00576179 /* desMapUITests.swift */; };
		E598FA33294B493E00576179 /* desMapUITestsLaunchTests.swift in Sources */ = {isa = PBXBuildFile; fileRef = E598FA32294B493E00576179 /* desMapUITestsLaunchTests.swift */; };
		E5AC6634294BD045009D0E9F /* SearchViewController.swift in Sources */ = {isa = PBXBuildFile; fileRef = E5AC6633294BD045009D0E9F /* SearchViewController.swift */; };
/* End PBXBuildFile section */

/* Begin PBXContainerItemProxy section */
		E598FA23294B493E00576179 /* PBXContainerItemProxy */ = {
			isa = PBXContainerItemProxy;
			containerPortal = E598FA04294B493C00576179 /* Project object */;
			proxyType = 1;
			remoteGlobalIDString = E598FA0B294B493C00576179;
			remoteInfo = desMap;
		};
		E598FA2D294B493E00576179 /* PBXContainerItemProxy */ = {
			isa = PBXContainerItemProxy;
			containerPortal = E598FA04294B493C00576179 /* Project object */;
			proxyType = 1;
			remoteGlobalIDString = E598FA0B294B493C00576179;
			remoteInfo = desMap;
		};
/* End PBXContainerItemProxy section */

/* Begin PBXFileReference section */
		00DE2C0A201E7D5EC8740BD1 /* Pods-desMapTests.release.xcconfig */ = {isa = PBXFileReference; includeInIndex = 1; lastKnownFileType = text.xcconfig; name = "Pods-desMapTests.release.xcconfig"; path = "Target Support Files/Pods-desMapTests/Pods-desMapTests.release.xcconfig"; sourceTree = "<group>"; };
		12C8C1BBBF455E980711FCE4 /* Pods-desMap.debug.xcconfig */ = {isa = PBXFileReference; includeInIndex = 1; lastKnownFileType = text.xcconfig; name = "Pods-desMap.debug.xcconfig"; path = "Target Support Files/Pods-desMap/Pods-desMap.debug.xcconfig"; sourceTree = "<group>"; };
		36C412C12044EEEDA44B5806 /* Pods-desMapTests.debug.xcconfig */ = {isa = PBXFileReference; includeInIndex = 1; lastKnownFileType = text.xcconfig; name = "Pods-desMapTests.debug.xcconfig"; path = "Target Support Files/Pods-desMapTests/Pods-desMapTests.debug.xcconfig"; sourceTree = "<group>"; };
		47149FAC2E45C88DADC86DED /* Pods-desMap-desMapUITests.debug.xcconfig */ = {isa = PBXFileReference; includeInIndex = 1; lastKnownFileType = text.xcconfig; name = "Pods-desMap-desMapUITests.debug.xcconfig"; path = "Target Support Files/Pods-desMap-desMapUITests/Pods-desMap-desMapUITests.debug.xcconfig"; sourceTree = "<group>"; };
		5ECCA8694BB116140CB11E31 /* Pods-desMap.release.xcconfig */ = {isa = PBXFileReference; includeInIndex = 1; lastKnownFileType = text.xcconfig; name = "Pods-desMap.release.xcconfig"; path = "Target Support Files/Pods-desMap/Pods-desMap.release.xcconfig"; sourceTree = "<group>"; };
		941877947DA5BDFDFA75E798 /* Pods-desMap-desMapUITests.release.xcconfig */ = {isa = PBXFileReference; includeInIndex = 1; lastKnownFileType = text.xcconfig; name = "Pods-desMap-desMapUITests.release.xcconfig"; path = "Target Support Files/Pods-desMap-desMapUITests/Pods-desMap-desMapUITests.release.xcconfig"; sourceTree = "<group>"; };
		B3AFC989FADB235505F79582 /* Pods_desMap.framework */ = {isa = PBXFileReference; explicitFileType = wrapper.framework; includeInIndex = 0; path = Pods_desMap.framework; sourceTree = BUILT_PRODUCTS_DIR; };
		B4B5944EE97FD36EB5BEF17B /* Pods_desMapTests.framework */ = {isa = PBXFileReference; explicitFileType = wrapper.framework; includeInIndex = 0; path = Pods_desMapTests.framework; sourceTree = BUILT_PRODUCTS_DIR; };
		E598FA0C294B493C00576179 /* DesMap.app */ = {isa = PBXFileReference; explicitFileType = wrapper.application; includeInIndex = 0; path = DesMap.app; sourceTree = BUILT_PRODUCTS_DIR; };
		E598FA0F294B493C00576179 /* AppDelegate.swift */ = {isa = PBXFileReference; lastKnownFileType = sourcecode.swift; path = AppDelegate.swift; sourceTree = "<group>"; };
		E598FA11294B493C00576179 /* SceneDelegate.swift */ = {isa = PBXFileReference; lastKnownFileType = sourcecode.swift; path = SceneDelegate.swift; sourceTree = "<group>"; };
		E598FA13294B493C00576179 /* MapViewController.swift */ = {isa = PBXFileReference; lastKnownFileType = sourcecode.swift; path = MapViewController.swift; sourceTree = "<group>"; };
		E598FA16294B493C00576179 /* Base */ = {isa = PBXFileReference; lastKnownFileType = file.storyboard; name = Base; path = Base.lproj/Main.storyboard; sourceTree = "<group>"; };
		E598FA18294B493D00576179 /* Assets.xcassets */ = {isa = PBXFileReference; lastKnownFileType = folder.assetcatalog; path = Assets.xcassets; sourceTree = "<group>"; };
		E598FA1B294B493D00576179 /* Base */ = {isa = PBXFileReference; lastKnownFileType = file.storyboard; name = Base; path = Base.lproj/LaunchScreen.storyboard; sourceTree = "<group>"; };
		E598FA1D294B493D00576179 /* Info.plist */ = {isa = PBXFileReference; lastKnownFileType = text.plist.xml; path = Info.plist; sourceTree = "<group>"; };
		E598FA22294B493E00576179 /* DesMapTests.xctest */ = {isa = PBXFileReference; explicitFileType = wrapper.cfbundle; includeInIndex = 0; path = DesMapTests.xctest; sourceTree = BUILT_PRODUCTS_DIR; };
		E598FA26294B493E00576179 /* desMapTests.swift */ = {isa = PBXFileReference; lastKnownFileType = sourcecode.swift; path = desMapTests.swift; sourceTree = "<group>"; };
		E598FA2C294B493E00576179 /* DesMapUITests.xctest */ = {isa = PBXFileReference; explicitFileType = wrapper.cfbundle; includeInIndex = 0; path = DesMapUITests.xctest; sourceTree = BUILT_PRODUCTS_DIR; };
		E598FA30294B493E00576179 /* desMapUITests.swift */ = {isa = PBXFileReference; lastKnownFileType = sourcecode.swift; path = desMapUITests.swift; sourceTree = "<group>"; };
		E598FA32294B493E00576179 /* desMapUITestsLaunchTests.swift */ = {isa = PBXFileReference; lastKnownFileType = sourcecode.swift; path = desMapUITestsLaunchTests.swift; sourceTree = "<group>"; };
		E5AC6633294BD045009D0E9F /* SearchViewController.swift */ = {isa = PBXFileReference; lastKnownFileType = sourcecode.swift; path = SearchViewController.swift; sourceTree = "<group>"; };
		F923A57823F8851795C7D1E4 /* Pods_desMap_desMapUITests.framework */ = {isa = PBXFileReference; explicitFileType = wrapper.framework; includeInIndex = 0; path = Pods_desMap_desMapUITests.framework; sourceTree = BUILT_PRODUCTS_DIR; };
/* End PBXFileReference section */

/* Begin PBXFrameworksBuildPhase section */
		E598FA09294B493C00576179 /* Frameworks */ = {
			isa = PBXFrameworksBuildPhase;
			buildActionMask = 2147483647;
			files = (
				D250D68729F63CED1139E8FC /* Pods_desMap.framework in Frameworks */,
			);
			runOnlyForDeploymentPostprocessing = 0;
		};
		E598FA1F294B493E00576179 /* Frameworks */ = {
			isa = PBXFrameworksBuildPhase;
			buildActionMask = 2147483647;
			files = (
				9B2D7C5FFEA7722CEBB88A60 /* Pods_desMapTests.framework in Frameworks */,
			);
			runOnlyForDeploymentPostprocessing = 0;
		};
		E598FA29294B493E00576179 /* Frameworks */ = {
			isa = PBXFrameworksBuildPhase;
			buildActionMask = 2147483647;
			files = (
				E42B3B44A0B11C5DA852BD97 /* Pods_desMap_desMapUITests.framework in Frameworks */,
			);
			runOnlyForDeploymentPostprocessing = 0;
		};
/* End PBXFrameworksBuildPhase section */

/* Begin PBXGroup section */
		B8951373DE5C4AEEEB5E1EA3 /* Pods */ = {
			isa = PBXGroup;
			children = (
				12C8C1BBBF455E980711FCE4 /* Pods-desMap.debug.xcconfig */,
				5ECCA8694BB116140CB11E31 /* Pods-desMap.release.xcconfig */,
				47149FAC2E45C88DADC86DED /* Pods-desMap-desMapUITests.debug.xcconfig */,
				941877947DA5BDFDFA75E798 /* Pods-desMap-desMapUITests.release.xcconfig */,
				36C412C12044EEEDA44B5806 /* Pods-desMapTests.debug.xcconfig */,
				00DE2C0A201E7D5EC8740BD1 /* Pods-desMapTests.release.xcconfig */,
			);
			path = Pods;
			sourceTree = "<group>";
		};
		E598FA03294B493C00576179 = {
			isa = PBXGroup;
			children = (
				E598FA0E294B493C00576179 /* desMap */,
				E598FA25294B493E00576179 /* desMapTests */,
				E598FA2F294B493E00576179 /* desMapUITests */,
				E598FA0D294B493C00576179 /* Products */,
				B8951373DE5C4AEEEB5E1EA3 /* Pods */,
				EE138F3867986FA5F45BB9B7 /* Frameworks */,
			);
			sourceTree = "<group>";
		};
		E598FA0D294B493C00576179 /* Products */ = {
			isa = PBXGroup;
			children = (
				E598FA0C294B493C00576179 /* DesMap.app */,
				E598FA22294B493E00576179 /* DesMapTests.xctest */,
				E598FA2C294B493E00576179 /* DesMapUITests.xctest */,
			);
			name = Products;
			sourceTree = "<group>";
		};
		E598FA0E294B493C00576179 /* desMap */ = {
			isa = PBXGroup;
			children = (
				E5AC6635294BD231009D0E9F /* ViewController */,
				E598FA0F294B493C00576179 /* AppDelegate.swift */,
				E598FA11294B493C00576179 /* SceneDelegate.swift */,
				E598FA15294B493C00576179 /* Main.storyboard */,
				E598FA18294B493D00576179 /* Assets.xcassets */,
				E598FA1A294B493D00576179 /* LaunchScreen.storyboard */,
				E598FA1D294B493D00576179 /* Info.plist */,
			);
			path = desMap;
			sourceTree = "<group>";
		};
		E598FA25294B493E00576179 /* desMapTests */ = {
			isa = PBXGroup;
			children = (
				E598FA26294B493E00576179 /* desMapTests.swift */,
			);
			path = desMapTests;
			sourceTree = "<group>";
		};
		E598FA2F294B493E00576179 /* desMapUITests */ = {
			isa = PBXGroup;
			children = (
				E598FA30294B493E00576179 /* desMapUITests.swift */,
				E598FA32294B493E00576179 /* desMapUITestsLaunchTests.swift */,
			);
			path = desMapUITests;
			sourceTree = "<group>";
		};
		E5AC6635294BD231009D0E9F /* ViewController */ = {
			isa = PBXGroup;
			children = (
				E598FA13294B493C00576179 /* MapViewController.swift */,
				E5AC6633294BD045009D0E9F /* SearchViewController.swift */,
			);
			path = ViewController;
			sourceTree = "<group>";
		};
		EE138F3867986FA5F45BB9B7 /* Frameworks */ = {
			isa = PBXGroup;
			children = (
				B3AFC989FADB235505F79582 /* Pods_desMap.framework */,
				F923A57823F8851795C7D1E4 /* Pods_desMap_desMapUITests.framework */,
				B4B5944EE97FD36EB5BEF17B /* Pods_desMapTests.framework */,
			);
			name = Frameworks;
			sourceTree = "<group>";
		};
/* End PBXGroup section */

/* Begin PBXNativeTarget section */
		E598FA0B294B493C00576179 /* DesMap */ = {
			isa = PBXNativeTarget;
			buildConfigurationList = E598FA36294B493E00576179 /* Build configuration list for PBXNativeTarget "DesMap" */;
			buildPhases = (
				4658E6BD25EE6CDAD2348E3A /* [CP] Check Pods Manifest.lock */,
				E598FA08294B493C00576179 /* Sources */,
				E598FA09294B493C00576179 /* Frameworks */,
				E598FA0A294B493C00576179 /* Resources */,
				E5AC6632294B6CE2009D0E9F /* ShellScript */,
			);
			buildRules = (
			);
			dependencies = (
			);
			name = DesMap;
			productName = desMap;
			productReference = E598FA0C294B493C00576179 /* DesMap.app */;
			productType = "com.apple.product-type.application";
		};
		E598FA21294B493E00576179 /* DesMapTests */ = {
			isa = PBXNativeTarget;
			buildConfigurationList = E598FA39294B493E00576179 /* Build configuration list for PBXNativeTarget "DesMapTests" */;
			buildPhases = (
				51AA139406114A75EE55AC11 /* [CP] Check Pods Manifest.lock */,
				E598FA1E294B493E00576179 /* Sources */,
				E598FA1F294B493E00576179 /* Frameworks */,
				E598FA20294B493E00576179 /* Resources */,
			);
			buildRules = (
			);
			dependencies = (
				E598FA24294B493E00576179 /* PBXTargetDependency */,
			);
			name = DesMapTests;
			productName = desMapTests;
			productReference = E598FA22294B493E00576179 /* DesMapTests.xctest */;
			productType = "com.apple.product-type.bundle.unit-test";
		};
		E598FA2B294B493E00576179 /* DesMapUITests */ = {
			isa = PBXNativeTarget;
			buildConfigurationList = E598FA3C294B493E00576179 /* Build configuration list for PBXNativeTarget "DesMapUITests" */;
			buildPhases = (
				1D44DAF2C6E4F520F91811AB /* [CP] Check Pods Manifest.lock */,
				E598FA28294B493E00576179 /* Sources */,
				E598FA29294B493E00576179 /* Frameworks */,
				E598FA2A294B493E00576179 /* Resources */,
			);
			buildRules = (
			);
			dependencies = (
				E598FA2E294B493E00576179 /* PBXTargetDependency */,
			);
			name = DesMapUITests;
			productName = desMapUITests;
			productReference = E598FA2C294B493E00576179 /* DesMapUITests.xctest */;
			productType = "com.apple.product-type.bundle.ui-testing";
		};
/* End PBXNativeTarget section */

/* Begin PBXProject section */
		E598FA04294B493C00576179 /* Project object */ = {
			isa = PBXProject;
			attributes = {
				BuildIndependentTargetsInParallel = 1;
				LastSwiftUpdateCheck = 1400;
				LastUpgradeCheck = 1400;
				TargetAttributes = {
					E598FA0B294B493C00576179 = {
						CreatedOnToolsVersion = 14.0.1;
					};
					E598FA21294B493E00576179 = {
						CreatedOnToolsVersion = 14.0.1;
						TestTargetID = E598FA0B294B493C00576179;
					};
					E598FA2B294B493E00576179 = {
						CreatedOnToolsVersion = 14.0.1;
						TestTargetID = E598FA0B294B493C00576179;
					};
				};
			};
			buildConfigurationList = E598FA07294B493C00576179 /* Build configuration list for PBXProject "DesMap" */;
			compatibilityVersion = "Xcode 14.0";
			developmentRegion = en;
			hasScannedForEncodings = 0;
			knownRegions = (
				en,
				Base,
			);
			mainGroup = E598FA03294B493C00576179;
			productRefGroup = E598FA0D294B493C00576179 /* Products */;
			projectDirPath = "";
			projectRoot = "";
			targets = (
				E598FA0B294B493C00576179 /* DesMap */,
				E598FA21294B493E00576179 /* DesMapTests */,
				E598FA2B294B493E00576179 /* DesMapUITests */,
			);
		};
/* End PBXProject section */

/* Begin PBXResourcesBuildPhase section */
		E598FA0A294B493C00576179 /* Resources */ = {
			isa = PBXResourcesBuildPhase;
			buildActionMask = 2147483647;
			files = (
				E598FA1C294B493D00576179 /* LaunchScreen.storyboard in Resources */,
				E598FA19294B493D00576179 /* Assets.xcassets in Resources */,
				E598FA17294B493C00576179 /* Main.storyboard in Resources */,
			);
			runOnlyForDeploymentPostprocessing = 0;
		};
		E598FA20294B493E00576179 /* Resources */ = {
			isa = PBXResourcesBuildPhase;
			buildActionMask = 2147483647;
			files = (
			);
			runOnlyForDeploymentPostprocessing = 0;
		};
		E598FA2A294B493E00576179 /* Resources */ = {
			isa = PBXResourcesBuildPhase;
			buildActionMask = 2147483647;
			files = (
			);
			runOnlyForDeploymentPostprocessing = 0;
		};
/* End PBXResourcesBuildPhase section */

/* Begin PBXShellScriptBuildPhase section */
		1D44DAF2C6E4F520F91811AB /* [CP] Check Pods Manifest.lock */ = {
			isa = PBXShellScriptBuildPhase;
			buildActionMask = 2147483647;
			files = (
			);
			inputFileListPaths = (
			);
			inputPaths = (
				"${PODS_PODFILE_DIR_PATH}/Podfile.lock",
				"${PODS_ROOT}/Manifest.lock",
			);
			name = "[CP] Check Pods Manifest.lock";
			outputFileListPaths = (
			);
			outputPaths = (
				"$(DERIVED_FILE_DIR)/Pods-desMap-desMapUITests-checkManifestLockResult.txt",
			);
			runOnlyForDeploymentPostprocessing = 0;
			shellPath = /bin/sh;
			shellScript = "diff \"${PODS_PODFILE_DIR_PATH}/Podfile.lock\" \"${PODS_ROOT}/Manifest.lock\" > /dev/null\nif [ $? != 0 ] ; then\n    # print error to STDERR\n    echo \"error: The sandbox is not in sync with the Podfile.lock. Run 'pod install' or update your CocoaPods installation.\" >&2\n    exit 1\nfi\n# This output is used by Xcode 'outputs' to avoid re-running this script phase.\necho \"SUCCESS\" > \"${SCRIPT_OUTPUT_FILE_0}\"\n";
			showEnvVarsInLog = 0;
		};
		4658E6BD25EE6CDAD2348E3A /* [CP] Check Pods Manifest.lock */ = {
			isa = PBXShellScriptBuildPhase;
			buildActionMask = 2147483647;
			files = (
			);
			inputFileListPaths = (
			);
			inputPaths = (
				"${PODS_PODFILE_DIR_PATH}/Podfile.lock",
				"${PODS_ROOT}/Manifest.lock",
			);
			name = "[CP] Check Pods Manifest.lock";
			outputFileListPaths = (
			);
			outputPaths = (
				"$(DERIVED_FILE_DIR)/Pods-desMap-checkManifestLockResult.txt",
			);
			runOnlyForDeploymentPostprocessing = 0;
			shellPath = /bin/sh;
			shellScript = "diff \"${PODS_PODFILE_DIR_PATH}/Podfile.lock\" \"${PODS_ROOT}/Manifest.lock\" > /dev/null\nif [ $? != 0 ] ; then\n    # print error to STDERR\n    echo \"error: The sandbox is not in sync with the Podfile.lock. Run 'pod install' or update your CocoaPods installation.\" >&2\n    exit 1\nfi\n# This output is used by Xcode 'outputs' to avoid re-running this script phase.\necho \"SUCCESS\" > \"${SCRIPT_OUTPUT_FILE_0}\"\n";
			showEnvVarsInLog = 0;
		};
		51AA139406114A75EE55AC11 /* [CP] Check Pods Manifest.lock */ = {
			isa = PBXShellScriptBuildPhase;
			buildActionMask = 2147483647;
			files = (
			);
			inputFileListPaths = (
			);
			inputPaths = (
				"${PODS_PODFILE_DIR_PATH}/Podfile.lock",
				"${PODS_ROOT}/Manifest.lock",
			);
			name = "[CP] Check Pods Manifest.lock";
			outputFileListPaths = (
			);
			outputPaths = (
				"$(DERIVED_FILE_DIR)/Pods-desMapTests-checkManifestLockResult.txt",
			);
			runOnlyForDeploymentPostprocessing = 0;
			shellPath = /bin/sh;
			shellScript = "diff \"${PODS_PODFILE_DIR_PATH}/Podfile.lock\" \"${PODS_ROOT}/Manifest.lock\" > /dev/null\nif [ $? != 0 ] ; then\n    # print error to STDERR\n    echo \"error: The sandbox is not in sync with the Podfile.lock. Run 'pod install' or update your CocoaPods installation.\" >&2\n    exit 1\nfi\n# This output is used by Xcode 'outputs' to avoid re-running this script phase.\necho \"SUCCESS\" > \"${SCRIPT_OUTPUT_FILE_0}\"\n";
			showEnvVarsInLog = 0;
		};
		E5AC6632294B6CE2009D0E9F /* ShellScript */ = {
			isa = PBXShellScriptBuildPhase;
			buildActionMask = 2147483647;
			files = (
			);
			inputFileListPaths = (
			);
			inputPaths = (
			);
			outputFileListPaths = (
			);
			outputPaths = (
			);
			runOnlyForDeploymentPostprocessing = 0;
			shellPath = /bin/sh;
			shellScript = "# Type a script or drag a script file from your workspace to insert its path.\n${PODS_ROOT}/SwiftLint/swiftlint\n";
		};
/* End PBXShellScriptBuildPhase section */

/* Begin PBXSourcesBuildPhase section */
		E598FA08294B493C00576179 /* Sources */ = {
			isa = PBXSourcesBuildPhase;
			buildActionMask = 2147483647;
			files = (
				E598FA14294B493C00576179 /* MapViewController.swift in Sources */,
				E598FA10294B493C00576179 /* AppDelegate.swift in Sources */,
				E5AC6634294BD045009D0E9F /* SearchViewController.swift in Sources */,
				E598FA12294B493C00576179 /* SceneDelegate.swift in Sources */,
			);
			runOnlyForDeploymentPostprocessing = 0;
		};
		E598FA1E294B493E00576179 /* Sources */ = {
			isa = PBXSourcesBuildPhase;
			buildActionMask = 2147483647;
			files = (
				E598FA27294B493E00576179 /* desMapTests.swift in Sources */,
			);
			runOnlyForDeploymentPostprocessing = 0;
		};
		E598FA28294B493E00576179 /* Sources */ = {
			isa = PBXSourcesBuildPhase;
			buildActionMask = 2147483647;
			files = (
				E598FA33294B493E00576179 /* desMapUITestsLaunchTests.swift in Sources */,
				E598FA31294B493E00576179 /* desMapUITests.swift in Sources */,
			);
			runOnlyForDeploymentPostprocessing = 0;
		};
/* End PBXSourcesBuildPhase section */

/* Begin PBXTargetDependency section */
		E598FA24294B493E00576179 /* PBXTargetDependency */ = {
			isa = PBXTargetDependency;
			target = E598FA0B294B493C00576179 /* DesMap */;
			targetProxy = E598FA23294B493E00576179 /* PBXContainerItemProxy */;
		};
		E598FA2E294B493E00576179 /* PBXTargetDependency */ = {
			isa = PBXTargetDependency;
			target = E598FA0B294B493C00576179 /* DesMap */;
			targetProxy = E598FA2D294B493E00576179 /* PBXContainerItemProxy */;
		};
/* End PBXTargetDependency section */

/* Begin PBXVariantGroup section */
		E598FA15294B493C00576179 /* Main.storyboard */ = {
			isa = PBXVariantGroup;
			children = (
				E598FA16294B493C00576179 /* Base */,
			);
			name = Main.storyboard;
			sourceTree = "<group>";
		};
		E598FA1A294B493D00576179 /* LaunchScreen.storyboard */ = {
			isa = PBXVariantGroup;
			children = (
				E598FA1B294B493D00576179 /* Base */,
			);
			name = LaunchScreen.storyboard;
			sourceTree = "<group>";
		};
/* End PBXVariantGroup section */

/* Begin XCBuildConfiguration section */
		E598FA34294B493E00576179 /* Debug */ = {
			isa = XCBuildConfiguration;
			buildSettings = {
				ALWAYS_SEARCH_USER_PATHS = NO;
				CLANG_ANALYZER_NONNULL = YES;
				CLANG_ANALYZER_NUMBER_OBJECT_CONVERSION = YES_AGGRESSIVE;
				CLANG_CXX_LANGUAGE_STANDARD = "gnu++20";
				CLANG_ENABLE_MODULES = YES;
				CLANG_ENABLE_OBJC_ARC = YES;
				CLANG_ENABLE_OBJC_WEAK = YES;
				CLANG_WARN_BLOCK_CAPTURE_AUTORELEASING = YES;
				CLANG_WARN_BOOL_CONVERSION = YES;
				CLANG_WARN_COMMA = YES;
				CLANG_WARN_CONSTANT_CONVERSION = YES;
				CLANG_WARN_DEPRECATED_OBJC_IMPLEMENTATIONS = YES;
				CLANG_WARN_DIRECT_OBJC_ISA_USAGE = YES_ERROR;
				CLANG_WARN_DOCUMENTATION_COMMENTS = YES;
				CLANG_WARN_EMPTY_BODY = YES;
				CLANG_WARN_ENUM_CONVERSION = YES;
				CLANG_WARN_INFINITE_RECURSION = YES;
				CLANG_WARN_INT_CONVERSION = YES;
				CLANG_WARN_NON_LITERAL_NULL_CONVERSION = YES;
				CLANG_WARN_OBJC_IMPLICIT_RETAIN_SELF = YES;
				CLANG_WARN_OBJC_LITERAL_CONVERSION = YES;
				CLANG_WARN_OBJC_ROOT_CLASS = YES_ERROR;
				CLANG_WARN_QUOTED_INCLUDE_IN_FRAMEWORK_HEADER = YES;
				CLANG_WARN_RANGE_LOOP_ANALYSIS = YES;
				CLANG_WARN_STRICT_PROTOTYPES = YES;
				CLANG_WARN_SUSPICIOUS_MOVE = YES;
				CLANG_WARN_UNGUARDED_AVAILABILITY = YES_AGGRESSIVE;
				CLANG_WARN_UNREACHABLE_CODE = YES;
				CLANG_WARN__DUPLICATE_METHOD_MATCH = YES;
				COPY_PHASE_STRIP = NO;
				DEBUG_INFORMATION_FORMAT = dwarf;
				ENABLE_STRICT_OBJC_MSGSEND = YES;
				ENABLE_TESTABILITY = YES;
				GCC_C_LANGUAGE_STANDARD = gnu11;
				GCC_DYNAMIC_NO_PIC = NO;
				GCC_NO_COMMON_BLOCKS = YES;
				GCC_OPTIMIZATION_LEVEL = 0;
				GCC_PREPROCESSOR_DEFINITIONS = (
					"DEBUG=1",
					"$(inherited)",
				);
				GCC_WARN_64_TO_32_BIT_CONVERSION = YES;
				GCC_WARN_ABOUT_RETURN_TYPE = YES_ERROR;
				GCC_WARN_UNDECLARED_SELECTOR = YES;
				GCC_WARN_UNINITIALIZED_AUTOS = YES_AGGRESSIVE;
				GCC_WARN_UNUSED_FUNCTION = YES;
				GCC_WARN_UNUSED_VARIABLE = YES;
				INFOPLIST_KEY_CFBundleDisplayName = DesMap;
				IPHONEOS_DEPLOYMENT_TARGET = 15.0;
				MTL_ENABLE_DEBUG_INFO = INCLUDE_SOURCE;
				MTL_FAST_MATH = YES;
				ONLY_ACTIVE_ARCH = YES;
				SDKROOT = iphoneos;
				SWIFT_ACTIVE_COMPILATION_CONDITIONS = DEBUG;
				SWIFT_OPTIMIZATION_LEVEL = "-Onone";
			};
			name = Debug;
		};
		E598FA35294B493E00576179 /* Release */ = {
			isa = XCBuildConfiguration;
			buildSettings = {
				ALWAYS_SEARCH_USER_PATHS = NO;
				CLANG_ANALYZER_NONNULL = YES;
				CLANG_ANALYZER_NUMBER_OBJECT_CONVERSION = YES_AGGRESSIVE;
				CLANG_CXX_LANGUAGE_STANDARD = "gnu++20";
				CLANG_ENABLE_MODULES = YES;
				CLANG_ENABLE_OBJC_ARC = YES;
				CLANG_ENABLE_OBJC_WEAK = YES;
				CLANG_WARN_BLOCK_CAPTURE_AUTORELEASING = YES;
				CLANG_WARN_BOOL_CONVERSION = YES;
				CLANG_WARN_COMMA = YES;
				CLANG_WARN_CONSTANT_CONVERSION = YES;
				CLANG_WARN_DEPRECATED_OBJC_IMPLEMENTATIONS = YES;
				CLANG_WARN_DIRECT_OBJC_ISA_USAGE = YES_ERROR;
				CLANG_WARN_DOCUMENTATION_COMMENTS = YES;
				CLANG_WARN_EMPTY_BODY = YES;
				CLANG_WARN_ENUM_CONVERSION = YES;
				CLANG_WARN_INFINITE_RECURSION = YES;
				CLANG_WARN_INT_CONVERSION = YES;
				CLANG_WARN_NON_LITERAL_NULL_CONVERSION = YES;
				CLANG_WARN_OBJC_IMPLICIT_RETAIN_SELF = YES;
				CLANG_WARN_OBJC_LITERAL_CONVERSION = YES;
				CLANG_WARN_OBJC_ROOT_CLASS = YES_ERROR;
				CLANG_WARN_QUOTED_INCLUDE_IN_FRAMEWORK_HEADER = YES;
				CLANG_WARN_RANGE_LOOP_ANALYSIS = YES;
				CLANG_WARN_STRICT_PROTOTYPES = YES;
				CLANG_WARN_SUSPICIOUS_MOVE = YES;
				CLANG_WARN_UNGUARDED_AVAILABILITY = YES_AGGRESSIVE;
				CLANG_WARN_UNREACHABLE_CODE = YES;
				CLANG_WARN__DUPLICATE_METHOD_MATCH = YES;
				COPY_PHASE_STRIP = NO;
				DEBUG_INFORMATION_FORMAT = "dwarf-with-dsym";
				ENABLE_NS_ASSERTIONS = NO;
				ENABLE_STRICT_OBJC_MSGSEND = YES;
				GCC_C_LANGUAGE_STANDARD = gnu11;
				GCC_NO_COMMON_BLOCKS = YES;
				GCC_WARN_64_TO_32_BIT_CONVERSION = YES;
				GCC_WARN_ABOUT_RETURN_TYPE = YES_ERROR;
				GCC_WARN_UNDECLARED_SELECTOR = YES;
				GCC_WARN_UNINITIALIZED_AUTOS = YES_AGGRESSIVE;
				GCC_WARN_UNUSED_FUNCTION = YES;
				GCC_WARN_UNUSED_VARIABLE = YES;
				INFOPLIST_KEY_CFBundleDisplayName = DesMap;
				IPHONEOS_DEPLOYMENT_TARGET = 15.0;
				MTL_ENABLE_DEBUG_INFO = NO;
				MTL_FAST_MATH = YES;
				SDKROOT = iphoneos;
				SWIFT_COMPILATION_MODE = wholemodule;
				SWIFT_OPTIMIZATION_LEVEL = "-O";
				VALIDATE_PRODUCT = YES;
			};
			name = Release;
		};
		E598FA37294B493E00576179 /* Debug */ = {
			isa = XCBuildConfiguration;
			baseConfigurationReference = 12C8C1BBBF455E980711FCE4 /* Pods-desMap.debug.xcconfig */;
			buildSettings = {
				ASSETCATALOG_COMPILER_APPICON_NAME = AppIcon;
				ASSETCATALOG_COMPILER_GLOBAL_ACCENT_COLOR_NAME = AccentColor;
				CODE_SIGN_STYLE = Automatic;
				CURRENT_PROJECT_VERSION = 1;
				DEVELOPMENT_TEAM = 2GX455G3PS;
				GENERATE_INFOPLIST_FILE = YES;
				INFOPLIST_FILE = desMap/Info.plist;
				INFOPLIST_KEY_CFBundleDisplayName = DesMap;
				INFOPLIST_KEY_UIApplicationSupportsIndirectInputEvents = YES;
				INFOPLIST_KEY_UILaunchStoryboardName = LaunchScreen;
				INFOPLIST_KEY_UIMainStoryboardFile = Main;
				INFOPLIST_KEY_UISupportedInterfaceOrientations_iPad = "UIInterfaceOrientationPortrait UIInterfaceOrientationPortraitUpsideDown UIInterfaceOrientationLandscapeLeft UIInterfaceOrientationLandscapeRight";
				INFOPLIST_KEY_UISupportedInterfaceOrientations_iPhone = "UIInterfaceOrientationPortrait UIInterfaceOrientationLandscapeLeft UIInterfaceOrientationLandscapeRight";
				IPHONEOS_DEPLOYMENT_TARGET = 15.0;
				LD_RUNPATH_SEARCH_PATHS = (
					"$(inherited)",
					"@executable_path/Frameworks",
				);
				MARKETING_VERSION = 1.0;
				PRODUCT_BUNDLE_IDENTIFIER = AWJ8.desMap;
				PRODUCT_NAME = "$(TARGET_NAME)";
				SWIFT_EMIT_LOC_STRINGS = YES;
				SWIFT_VERSION = 5.0;
				TARGETED_DEVICE_FAMILY = "1,2";
			};
			name = Debug;
		};
		E598FA38294B493E00576179 /* Release */ = {
			isa = XCBuildConfiguration;
			baseConfigurationReference = 5ECCA8694BB116140CB11E31 /* Pods-desMap.release.xcconfig */;
			buildSettings = {
				ASSETCATALOG_COMPILER_APPICON_NAME = AppIcon;
				ASSETCATALOG_COMPILER_GLOBAL_ACCENT_COLOR_NAME = AccentColor;
				CODE_SIGN_STYLE = Automatic;
				CURRENT_PROJECT_VERSION = 1;
				DEVELOPMENT_TEAM = 2GX455G3PS;
				GENERATE_INFOPLIST_FILE = YES;
				INFOPLIST_FILE = desMap/Info.plist;
				INFOPLIST_KEY_CFBundleDisplayName = DesMap;
				INFOPLIST_KEY_UIApplicationSupportsIndirectInputEvents = YES;
				INFOPLIST_KEY_UILaunchStoryboardName = LaunchScreen;
				INFOPLIST_KEY_UIMainStoryboardFile = Main;
				INFOPLIST_KEY_UISupportedInterfaceOrientations_iPad = "UIInterfaceOrientationPortrait UIInterfaceOrientationPortraitUpsideDown UIInterfaceOrientationLandscapeLeft UIInterfaceOrientationLandscapeRight";
				INFOPLIST_KEY_UISupportedInterfaceOrientations_iPhone = "UIInterfaceOrientationPortrait UIInterfaceOrientationLandscapeLeft UIInterfaceOrientationLandscapeRight";
				IPHONEOS_DEPLOYMENT_TARGET = 15.0;
				LD_RUNPATH_SEARCH_PATHS = (
					"$(inherited)",
					"@executable_path/Frameworks",
				);
				MARKETING_VERSION = 1.0;
				PRODUCT_BUNDLE_IDENTIFIER = AWJ8.desMap;
				PRODUCT_NAME = "$(TARGET_NAME)";
				SWIFT_EMIT_LOC_STRINGS = YES;
				SWIFT_VERSION = 5.0;
				TARGETED_DEVICE_FAMILY = "1,2";
			};
			name = Release;
		};
		E598FA3A294B493E00576179 /* Debug */ = {
			isa = XCBuildConfiguration;
			baseConfigurationReference = 36C412C12044EEEDA44B5806 /* Pods-desMapTests.debug.xcconfig */;
			buildSettings = {
				ALWAYS_EMBED_SWIFT_STANDARD_LIBRARIES = YES;
				BUNDLE_LOADER = "$(TEST_HOST)";
				CODE_SIGN_STYLE = Automatic;
				CURRENT_PROJECT_VERSION = 1;
				DEVELOPMENT_TEAM = 2GX455G3PS;
				GENERATE_INFOPLIST_FILE = YES;
				IPHONEOS_DEPLOYMENT_TARGET = 16.0;
				MARKETING_VERSION = 1.0;
				PRODUCT_BUNDLE_IDENTIFIER = AWJ8.desMapTests;
				PRODUCT_NAME = "$(TARGET_NAME)";
				SWIFT_EMIT_LOC_STRINGS = NO;
				SWIFT_VERSION = 5.0;
				TARGETED_DEVICE_FAMILY = "1,2";
				TEST_HOST = "$(BUILT_PRODUCTS_DIR)/DesMap.app/$(BUNDLE_EXECUTABLE_FOLDER_PATH)/DesMap";
			};
			name = Debug;
		};
		E598FA3B294B493E00576179 /* Release */ = {
			isa = XCBuildConfiguration;
			baseConfigurationReference = 00DE2C0A201E7D5EC8740BD1 /* Pods-desMapTests.release.xcconfig */;
			buildSettings = {
				ALWAYS_EMBED_SWIFT_STANDARD_LIBRARIES = YES;
				BUNDLE_LOADER = "$(TEST_HOST)";
				CODE_SIGN_STYLE = Automatic;
				CURRENT_PROJECT_VERSION = 1;
				DEVELOPMENT_TEAM = 2GX455G3PS;
				GENERATE_INFOPLIST_FILE = YES;
				IPHONEOS_DEPLOYMENT_TARGET = 16.0;
				MARKETING_VERSION = 1.0;
				PRODUCT_BUNDLE_IDENTIFIER = AWJ8.desMapTests;
				PRODUCT_NAME = "$(TARGET_NAME)";
				SWIFT_EMIT_LOC_STRINGS = NO;
				SWIFT_VERSION = 5.0;
				TARGETED_DEVICE_FAMILY = "1,2";
				TEST_HOST = "$(BUILT_PRODUCTS_DIR)/DesMap.app/$(BUNDLE_EXECUTABLE_FOLDER_PATH)/DesMap";
			};
			name = Release;
		};
		E598FA3D294B493E00576179 /* Debug */ = {
			isa = XCBuildConfiguration;
			baseConfigurationReference = 47149FAC2E45C88DADC86DED /* Pods-desMap-desMapUITests.debug.xcconfig */;
			buildSettings = {
				ALWAYS_EMBED_SWIFT_STANDARD_LIBRARIES = YES;
				CODE_SIGN_STYLE = Automatic;
				CURRENT_PROJECT_VERSION = 1;
				DEVELOPMENT_TEAM = 2GX455G3PS;
				GENERATE_INFOPLIST_FILE = YES;
				MARKETING_VERSION = 1.0;
				PRODUCT_BUNDLE_IDENTIFIER = AWJ8.desMapUITests;
				PRODUCT_NAME = "$(TARGET_NAME)";
				SWIFT_EMIT_LOC_STRINGS = NO;
				SWIFT_VERSION = 5.0;
				TARGETED_DEVICE_FAMILY = "1,2";
				TEST_TARGET_NAME = desMap;
			};
			name = Debug;
		};
		E598FA3E294B493E00576179 /* Release */ = {
			isa = XCBuildConfiguration;
			baseConfigurationReference = 941877947DA5BDFDFA75E798 /* Pods-desMap-desMapUITests.release.xcconfig */;
			buildSettings = {
				ALWAYS_EMBED_SWIFT_STANDARD_LIBRARIES = YES;
				CODE_SIGN_STYLE = Automatic;
				CURRENT_PROJECT_VERSION = 1;
				DEVELOPMENT_TEAM = 2GX455G3PS;
				GENERATE_INFOPLIST_FILE = YES;
				MARKETING_VERSION = 1.0;
				PRODUCT_BUNDLE_IDENTIFIER = AWJ8.desMapUITests;
				PRODUCT_NAME = "$(TARGET_NAME)";
				SWIFT_EMIT_LOC_STRINGS = NO;
				SWIFT_VERSION = 5.0;
				TARGETED_DEVICE_FAMILY = "1,2";
				TEST_TARGET_NAME = desMap;
			};
			name = Release;
		};
/* End XCBuildConfiguration section */

/* Begin XCConfigurationList section */
		E598FA07294B493C00576179 /* Build configuration list for PBXProject "DesMap" */ = {
			isa = XCConfigurationList;
			buildConfigurations = (
				E598FA34294B493E00576179 /* Debug */,
				E598FA35294B493E00576179 /* Release */,
			);
			defaultConfigurationIsVisible = 0;
			defaultConfigurationName = Release;
		};
		E598FA36294B493E00576179 /* Build configuration list for PBXNativeTarget "DesMap" */ = {
			isa = XCConfigurationList;
			buildConfigurations = (
				E598FA37294B493E00576179 /* Debug */,
				E598FA38294B493E00576179 /* Release */,
			);
			defaultConfigurationIsVisible = 0;
			defaultConfigurationName = Release;
		};
		E598FA39294B493E00576179 /* Build configuration list for PBXNativeTarget "DesMapTests" */ = {
			isa = XCConfigurationList;
			buildConfigurations = (
				E598FA3A294B493E00576179 /* Debug */,
				E598FA3B294B493E00576179 /* Release */,
			);
			defaultConfigurationIsVisible = 0;
			defaultConfigurationName = Release;
		};
		E598FA3C294B493E00576179 /* Build configuration list for PBXNativeTarget "DesMapUITests" */ = {
			isa = XCConfigurationList;
			buildConfigurations = (
				E598FA3D294B493E00576179 /* Debug */,
				E598FA3E294B493E00576179 /* Release */,
			);
			defaultConfigurationIsVisible = 0;
			defaultConfigurationName = Release;
		};
/* End XCConfigurationList section */
	};
	rootObject = E598FA04294B493C00576179 /* Project object */;
}
